<?xml version="1.0" encoding="utf-8"?>
<Project ToolsVersion="4.0" xmlns="http://schemas.microsoft.com/developer/msbuild/2003">
  <ItemGroup>
    <ClCompile Include="..\protobuf\erasemonster.pb.cc">
      <Filter>pb_files</Filter>
    </ClCompile>
    <ClCompile Include="..\protobuf\disconn.pb.cc">
      <Filter>pb_files</Filter>
    </ClCompile>
    <ClCompile Include="..\protobuf\connect.pb.cc">
      <Filter>pb_files</Filter>
    </ClCompile>
    <ClCompile Include="..\protobuf\eraseuser.pb.cc">
      <Filter>pb_files</Filter>
    </ClCompile>
    <ClCompile Include="..\protobuf\init.pb.cc">
      <Filter>pb_files</Filter>
    </ClCompile>
    <ClCompile Include="..\protobuf\moveuser.pb.cc">
      <Filter>pb_files</Filter>
    </ClCompile>
    <ClCompile Include="..\protobuf\setmonster.pb.cc">
      <Filter>pb_files</Filter>
    </ClCompile>
    <ClCompile Include="..\protobuf\setuser.pb.cc">
      <Filter>pb_files</Filter>
    </ClCompile>
    <ClCompile Include="Client_Map.cpp">
      <Filter>Source Files</Filter>
    </ClCompile>
    <ClCompile Include="function.cpp">
      <Filter>Source Files</Filter>
    </ClCompile>
    <ClCompile Include="Server_Worker.cpp">
      <Filter>Source Files</Filter>
    </ClCompile>
    <ClCompile Include="Source.cpp">
      <Filter>Source Files</Filter>
    </ClCompile>
    <ClCompile Include="TimerThread.cpp">
      <Filter>Timer</Filter>
    </ClCompile>
    <ClCompile Include="..\protobuf\peacemove.pb.cc">
      <Filter>pb_files</Filter>
    </ClCompile>
    <ClCompile Include="Method.cpp">
      <Filter>Source Files</Filter>
    </ClCompile>
    <ClCompile Include="state_function.cpp">
      <Filter>state_function</Filter>
    </ClCompile>
    <ClCompile Include="Handler_PCONNECT.cpp">
      <Filter>state_function</Filter>
    </ClCompile>
    <ClCompile Include="Handler_PMOVEUSER.cpp">
      <Filter>state_function</Filter>
    </ClCompile>
    <ClCompile Include="Handler_PDISCONN.cpp">
      <Filter>state_function</Filter>
    </ClCompile>
    <ClCompile Include="..\protobuf\userattack.pb.cc">
      <Filter>pb_files</Filter>
    </ClCompile>
  </ItemGroup>
  <ItemGroup>
    <ClInclude Include="character.h">
      <Filter>Header Files</Filter>
    </ClInclude>
    <ClInclude Include="Check_Map.h">
      <Filter>Header Files</Filter>
    </ClInclude>
    <ClInclude Include="Client_Map.h">
      <Filter>Header Files</Filter>
    </ClInclude>
    <ClInclude Include="Completion_Port.h">
      <Filter>Header Files</Filter>
    </ClInclude>
    <ClInclude Include="Constant.h">
      <Filter>Header Files</Filter>
    </ClInclude>
    <ClInclude Include="DMap.h">
      <Filter>Header Files</Filter>
    </ClInclude>
    <ClInclude Include="DMap_monster.h">
      <Filter>Header Files</Filter>
    </ClInclude>
    <ClInclude Include="Memory_Block.h">
      <Filter>Header Files</Filter>
    </ClInclude>
    <ClInclude Include="Memory_Pool.h">
      <Filter>Header Files</Filter>
    </ClInclude>
    <ClInclude Include="monster.h">
      <Filter>Header Files</Filter>
    </ClInclude>
    <ClInclude Include="msg.h">
      <Filter>Header Files</Filter>
    </ClInclude>
    <ClInclude Include="Scoped_Lock.h">
      <Filter>Header Files</Filter>
    </ClInclude>
    <ClInclude Include="Sock_set.h">
      <Filter>Header Files</Filter>
    </ClInclude>
    <ClInclude Include="types.h">
      <Filter>Header Files</Filter>
    </ClInclude>
    <ClInclude Include="TimerThread.h">
      <Filter>Timer</Filter>
    </ClInclude>
  </ItemGroup>
  <ItemGroup>
    <Filter Include="Source Files">
      <UniqueIdentifier>{17b7a802-0acb-44cd-8fa4-7fff0ac1aff1}</UniqueIdentifier>
    </Filter>
    <Filter Include="Header Files">
      <UniqueIdentifier>{3dbe0dc5-f30f-44d3-a3f7-6f6f5b97e180}</UniqueIdentifier>
    </Filter>
    <Filter Include="pb_files">
      <UniqueIdentifier>{6ddece88-f4c1-448b-baa3-966c3b823c2f}</UniqueIdentifier>
    </Filter>
    <Filter Include="Timer">
      <UniqueIdentifier>{68b24116-6a68-4351-bd62-17d19533c8c6}</UniqueIdentifier>
    </Filter>
    <Filter Include="state_function">
      <UniqueIdentifier>{126dd421-e39e-44b2-807a-93c773c9c624}</UniqueIdentifier>
    </Filter>
  </ItemGroup>
</Project>